
Microsoft Visual Studio Solution File, Format Version 12.00
# Visual Studio 15
VisualStudioVersion = 15.0.26403.7
MinimumVisualStudioVersion = 10.0.40219.1
Project("{8BC9CEB8-8B4A-11D0-8D11-00A0C91BC942}") = "KitsuRPG", "KitsuRPG\KitsuRPG.vcxproj", "{C0EE0B86-9A24-490A-B06D-BDC9059FB4CA}"
	ProjectSection(ProjectDependencies) = postProject
		{B18EB504-48CD-47EC-AB45-570E91A19993} = {B18EB504-48CD-47EC-AB45-570E91A19993}
		{86AFE1C6-A424-4AC4-9246-DB029CC942D5} = {86AFE1C6-A424-4AC4-9246-DB029CC942D5}
	EndProjectSection
EndProject
Project("{8BC9CEB8-8B4A-11D0-8D11-00A0C91BC942}") = "kitsulib", "kitsulib\kitsulib.vcxproj", "{86AFE1C6-A424-4AC4-9246-DB029CC942D5}"
	ProjectSection(ProjectDependencies) = postProject
		{B18EB504-48CD-47EC-AB45-570E91A19993} = {B18EB504-48CD-47EC-AB45-570E91A19993}
		{E8429258-1001-4768-9B81-5E26B1330E1E} = {E8429258-1001-4768-9B81-5E26B1330E1E}
	EndProjectSection
EndProject
Project("{8BC9CEB8-8B4A-11D0-8D11-00A0C91BC942}") = "KitsuTBS", "KitsuTBS\KitsuTBS.vcxproj", "{61D5AC6E-492E-42B1-ADF5-57C550938602}"
	ProjectSection(ProjectDependencies) = postProject
		{B18EB504-48CD-47EC-AB45-570E91A19993} = {B18EB504-48CD-47EC-AB45-570E91A19993}
		{86AFE1C6-A424-4AC4-9246-DB029CC942D5} = {86AFE1C6-A424-4AC4-9246-DB029CC942D5}
	EndProjectSection
EndProject
Project("{8BC9CEB8-8B4A-11D0-8D11-00A0C91BC942}") = "charserv", "charserv\charserv.vcxproj", "{0ED6C4BE-F4CF-4FF8-9F44-27AA8F635B25}"
	ProjectSection(ProjectDependencies) = postProject
		{B18EB504-48CD-47EC-AB45-570E91A19993} = {B18EB504-48CD-47EC-AB45-570E91A19993}
		{E8429258-1001-4768-9B81-5E26B1330E1E} = {E8429258-1001-4768-9B81-5E26B1330E1E}
		{3423EC9A-52E4-4A4D-9753-EDEBC38785EF} = {3423EC9A-52E4-4A4D-9753-EDEBC38785EF}
		{86AFE1C6-A424-4AC4-9246-DB029CC942D5} = {86AFE1C6-A424-4AC4-9246-DB029CC942D5}
	EndProjectSection
EndProject
Project("{8BC9CEB8-8B4A-11D0-8D11-00A0C91BC942}") = "KitsuLAN", "KitsuLAN\KitsuLAN.vcxproj", "{6874645F-C7AC-497E-86B2-6EE1CA897031}"
	ProjectSection(ProjectDependencies) = postProject
		{B18EB504-48CD-47EC-AB45-570E91A19993} = {B18EB504-48CD-47EC-AB45-570E91A19993}
		{E8429258-1001-4768-9B81-5E26B1330E1E} = {E8429258-1001-4768-9B81-5E26B1330E1E}
		{0ED6C4BE-F4CF-4FF8-9F44-27AA8F635B25} = {0ED6C4BE-F4CF-4FF8-9F44-27AA8F635B25}
		{86AFE1C6-A424-4AC4-9246-DB029CC942D5} = {86AFE1C6-A424-4AC4-9246-DB029CC942D5}
	EndProjectSection
EndProject
Project("{8BC9CEB8-8B4A-11D0-8D11-00A0C91BC942}") = "nwol", "..\nwol\nwol\nwol.vcxproj", "{B18EB504-48CD-47EC-AB45-570E91A19993}"
EndProject
Project("{8BC9CEB8-8B4A-11D0-8D11-00A0C91BC942}") = "tactical", "tactical\tactical.vcxproj", "{4D38600A-05DD-42C9-9EC5-ADB12140F2A9}"
	ProjectSection(ProjectDependencies) = postProject
		{B18EB504-48CD-47EC-AB45-570E91A19993} = {B18EB504-48CD-47EC-AB45-570E91A19993}
		{3423EC9A-52E4-4A4D-9753-EDEBC38785EF} = {3423EC9A-52E4-4A4D-9753-EDEBC38785EF}
		{86AFE1C6-A424-4AC4-9246-DB029CC942D5} = {86AFE1C6-A424-4AC4-9246-DB029CC942D5}
	EndProjectSection
EndProject
Project("{8BC9CEB8-8B4A-11D0-8D11-00A0C91BC942}") = "cryptlib", "..\cryptopp564\cryptlib.vcxproj", "{3423EC9A-52E4-4A4D-9753-EDEBC38785EF}"
EndProject
Project("{8BC9CEB8-8B4A-11D0-8D11-00A0C91BC942}") = "Launcher", "Launcher\Launcher.vcxproj", "{8FF3B0D6-92DB-4F7C-9357-4688918CCC77}"
	ProjectSection(ProjectDependencies) = postProject
		{B18EB504-48CD-47EC-AB45-570E91A19993} = {B18EB504-48CD-47EC-AB45-570E91A19993}
		{9064B770-B18F-495B-ADE2-B186FDA9B682} = {9064B770-B18F-495B-ADE2-B186FDA9B682}
	EndProjectSection
EndProject
Project("{8BC9CEB8-8B4A-11D0-8D11-00A0C91BC942}") = "ftplib", "..\ftplib-4.0-1\src\ftplib.vcxproj", "{9064B770-B18F-495B-ADE2-B186FDA9B682}"
EndProject
Project("{8BC9CEB8-8B4A-11D0-8D11-00A0C91BC942}") = "nwor", "..\nwol\nwor\nwor.vcxproj", "{9C1B696C-B7F9-4B8A-BC74-FF5B96251341}"
	ProjectSection(ProjectDependencies) = postProject
		{B18EB504-48CD-47EC-AB45-570E91A19993} = {B18EB504-48CD-47EC-AB45-570E91A19993}
	EndProjectSection
EndProject
Project("{8BC9CEB8-8B4A-11D0-8D11-00A0C91BC942}") = "nwor_selector", "..\nwol\nwor_selector\nwor_selector.vcxproj", "{267786EF-0F78-41B1-8C5A-3FFE507FB9B3}"
	ProjectSection(ProjectDependencies) = postProject
		{B18EB504-48CD-47EC-AB45-570E91A19993} = {B18EB504-48CD-47EC-AB45-570E91A19993}
	EndProjectSection
EndProject
Project("{8BC9CEB8-8B4A-11D0-8D11-00A0C91BC942}") = "KitsuNWO", "KitsuNWO\KitsuNWO.vcxproj", "{CD885A00-AB57-42D7-9D9F-F4E9E4CD844A}"
	ProjectSection(ProjectDependencies) = postProject
		{B18EB504-48CD-47EC-AB45-570E91A19993} = {B18EB504-48CD-47EC-AB45-570E91A19993}
		{E8429258-1001-4768-9B81-5E26B1330E1E} = {E8429258-1001-4768-9B81-5E26B1330E1E}
		{9C1B696C-B7F9-4B8A-BC74-FF5B96251341} = {9C1B696C-B7F9-4B8A-BC74-FF5B96251341}
		{86AFE1C6-A424-4AC4-9246-DB029CC942D5} = {86AFE1C6-A424-4AC4-9246-DB029CC942D5}
	EndProjectSection
EndProject
Project("{8BC9CEB8-8B4A-11D0-8D11-00A0C91BC942}") = "gods", "..\nwol\gods\gods.vcxproj", "{E8429258-1001-4768-9B81-5E26B1330E1E}"
EndProject
Project("{8BC9CEB8-8B4A-11D0-8D11-00A0C91BC942}") = "nwoa", "..\nwol\nwoa\nwoa.vcxproj", "{D40F97CA-EB86-4197-8FCD-52D1C33CD61C}"
EndProject
Project("{8BC9CEB8-8B4A-11D0-8D11-00A0C91BC942}") = "nwos", "..\nwol\nwos\nwos.vcxproj", "{89961DA7-324D-4CFB-87D2-FBAA35FABE3F}"
EndProject
Global
	GlobalSection(SolutionConfigurationPlatforms) = preSolution
		Debug|x64 = Debug|x64
		Debug|x86 = Debug|x86
		DLL-Import Debug|x64 = DLL-Import Debug|x64
		DLL-Import Debug|x86 = DLL-Import Debug|x86
		DLL-Import Release|x64 = DLL-Import Release|x64
		DLL-Import Release|x86 = DLL-Import Release|x86
		Release|x64 = Release|x64
		Release|x86 = Release|x86
	EndGlobalSection
	GlobalSection(ProjectConfigurationPlatforms) = postSolution
		{C0EE0B86-9A24-490A-B06D-BDC9059FB4CA}.Debug|x64.ActiveCfg = Debug|x64
		{C0EE0B86-9A24-490A-B06D-BDC9059FB4CA}.Debug|x64.Build.0 = Debug|x64
		{C0EE0B86-9A24-490A-B06D-BDC9059FB4CA}.Debug|x86.ActiveCfg = Debug|Win32
		{C0EE0B86-9A24-490A-B06D-BDC9059FB4CA}.Debug|x86.Build.0 = Debug|Win32
		{C0EE0B86-9A24-490A-B06D-BDC9059FB4CA}.DLL-Import Debug|x64.ActiveCfg = Debug|x64
		{C0EE0B86-9A24-490A-B06D-BDC9059FB4CA}.DLL-Import Debug|x64.Build.0 = Debug|x64
		{C0EE0B86-9A24-490A-B06D-BDC9059FB4CA}.DLL-Import Debug|x86.ActiveCfg = Debug|Win32
		{C0EE0B86-9A24-490A-B06D-BDC9059FB4CA}.DLL-Import Debug|x86.Build.0 = Debug|Win32
		{C0EE0B86-9A24-490A-B06D-BDC9059FB4CA}.DLL-Import Release|x64.ActiveCfg = Release|x64
		{C0EE0B86-9A24-490A-B06D-BDC9059FB4CA}.DLL-Import Release|x64.Build.0 = Release|x64
		{C0EE0B86-9A24-490A-B06D-BDC9059FB4CA}.DLL-Import Release|x86.ActiveCfg = Release|Win32
		{C0EE0B86-9A24-490A-B06D-BDC9059FB4CA}.DLL-Import Release|x86.Build.0 = Release|Win32
		{C0EE0B86-9A24-490A-B06D-BDC9059FB4CA}.Release|x64.ActiveCfg = Release|x64
		{C0EE0B86-9A24-490A-B06D-BDC9059FB4CA}.Release|x64.Build.0 = Release|x64
		{C0EE0B86-9A24-490A-B06D-BDC9059FB4CA}.Release|x86.ActiveCfg = Release|Win32
		{C0EE0B86-9A24-490A-B06D-BDC9059FB4CA}.Release|x86.Build.0 = Release|Win32
		{86AFE1C6-A424-4AC4-9246-DB029CC942D5}.Debug|x64.ActiveCfg = Debug|x64
		{86AFE1C6-A424-4AC4-9246-DB029CC942D5}.Debug|x64.Build.0 = Debug|x64
		{86AFE1C6-A424-4AC4-9246-DB029CC942D5}.Debug|x86.ActiveCfg = Debug|Win32
		{86AFE1C6-A424-4AC4-9246-DB029CC942D5}.Debug|x86.Build.0 = Debug|Win32
		{86AFE1C6-A424-4AC4-9246-DB029CC942D5}.DLL-Import Debug|x64.ActiveCfg = Debug|x64
		{86AFE1C6-A424-4AC4-9246-DB029CC942D5}.DLL-Import Debug|x64.Build.0 = Debug|x64
		{86AFE1C6-A424-4AC4-9246-DB029CC942D5}.DLL-Import Debug|x86.ActiveCfg = Debug|Win32
		{86AFE1C6-A424-4AC4-9246-DB029CC942D5}.DLL-Import Debug|x86.Build.0 = Debug|Win32
		{86AFE1C6-A424-4AC4-9246-DB029CC942D5}.DLL-Import Release|x64.ActiveCfg = Release|x64
		{86AFE1C6-A424-4AC4-9246-DB029CC942D5}.DLL-Import Release|x64.Build.0 = Release|x64
		{86AFE1C6-A424-4AC4-9246-DB029CC942D5}.DLL-Import Release|x86.ActiveCfg = Release|Win32
		{86AFE1C6-A424-4AC4-9246-DB029CC942D5}.DLL-Import Release|x86.Build.0 = Release|Win32
		{86AFE1C6-A424-4AC4-9246-DB029CC942D5}.Release|x64.ActiveCfg = Release|x64
		{86AFE1C6-A424-4AC4-9246-DB029CC942D5}.Release|x64.Build.0 = Release|x64
		{86AFE1C6-A424-4AC4-9246-DB029CC942D5}.Release|x86.ActiveCfg = Release|Win32
		{86AFE1C6-A424-4AC4-9246-DB029CC942D5}.Release|x86.Build.0 = Release|Win32
		{61D5AC6E-492E-42B1-ADF5-57C550938602}.Debug|x64.ActiveCfg = Debug|x64
		{61D5AC6E-492E-42B1-ADF5-57C550938602}.Debug|x64.Build.0 = Debug|x64
		{61D5AC6E-492E-42B1-ADF5-57C550938602}.Debug|x86.ActiveCfg = Debug|Win32
		{61D5AC6E-492E-42B1-ADF5-57C550938602}.Debug|x86.Build.0 = Debug|Win32
		{61D5AC6E-492E-42B1-ADF5-57C550938602}.DLL-Import Debug|x64.ActiveCfg = Debug|x64
		{61D5AC6E-492E-42B1-ADF5-57C550938602}.DLL-Import Debug|x64.Build.0 = Debug|x64
		{61D5AC6E-492E-42B1-ADF5-57C550938602}.DLL-Import Debug|x86.ActiveCfg = Debug|Win32
		{61D5AC6E-492E-42B1-ADF5-57C550938602}.DLL-Import Debug|x86.Build.0 = Debug|Win32
		{61D5AC6E-492E-42B1-ADF5-57C550938602}.DLL-Import Release|x64.ActiveCfg = Release|x64
		{61D5AC6E-492E-42B1-ADF5-57C550938602}.DLL-Import Release|x64.Build.0 = Release|x64
		{61D5AC6E-492E-42B1-ADF5-57C550938602}.DLL-Import Release|x86.ActiveCfg = Release|Win32
		{61D5AC6E-492E-42B1-ADF5-57C550938602}.DLL-Import Release|x86.Build.0 = Release|Win32
		{61D5AC6E-492E-42B1-ADF5-57C550938602}.Release|x64.ActiveCfg = Release|x64
		{61D5AC6E-492E-42B1-ADF5-57C550938602}.Release|x64.Build.0 = Release|x64
		{61D5AC6E-492E-42B1-ADF5-57C550938602}.Release|x86.ActiveCfg = Release|Win32
		{61D5AC6E-492E-42B1-ADF5-57C550938602}.Release|x86.Build.0 = Release|Win32
		{0ED6C4BE-F4CF-4FF8-9F44-27AA8F635B25}.Debug|x64.ActiveCfg = Debug|x64
		{0ED6C4BE-F4CF-4FF8-9F44-27AA8F635B25}.Debug|x64.Build.0 = Debug|x64
		{0ED6C4BE-F4CF-4FF8-9F44-27AA8F635B25}.Debug|x86.ActiveCfg = Debug|Win32
		{0ED6C4BE-F4CF-4FF8-9F44-27AA8F635B25}.Debug|x86.Build.0 = Debug|Win32
		{0ED6C4BE-F4CF-4FF8-9F44-27AA8F635B25}.DLL-Import Debug|x64.ActiveCfg = Debug|x64
		{0ED6C4BE-F4CF-4FF8-9F44-27AA8F635B25}.DLL-Import Debug|x64.Build.0 = Debug|x64
		{0ED6C4BE-F4CF-4FF8-9F44-27AA8F635B25}.DLL-Import Debug|x86.ActiveCfg = Debug|Win32
		{0ED6C4BE-F4CF-4FF8-9F44-27AA8F635B25}.DLL-Import Debug|x86.Build.0 = Debug|Win32
		{0ED6C4BE-F4CF-4FF8-9F44-27AA8F635B25}.DLL-Import Release|x64.ActiveCfg = Release|x64
		{0ED6C4BE-F4CF-4FF8-9F44-27AA8F635B25}.DLL-Import Release|x64.Build.0 = Release|x64
		{0ED6C4BE-F4CF-4FF8-9F44-27AA8F635B25}.DLL-Import Release|x86.ActiveCfg = Release|Win32
		{0ED6C4BE-F4CF-4FF8-9F44-27AA8F635B25}.DLL-Import Release|x86.Build.0 = Release|Win32
		{0ED6C4BE-F4CF-4FF8-9F44-27AA8F635B25}.Release|x64.ActiveCfg = Release|x64
		{0ED6C4BE-F4CF-4FF8-9F44-27AA8F635B25}.Release|x64.Build.0 = Release|x64
		{0ED6C4BE-F4CF-4FF8-9F44-27AA8F635B25}.Release|x86.ActiveCfg = Release|Win32
		{0ED6C4BE-F4CF-4FF8-9F44-27AA8F635B25}.Release|x86.Build.0 = Release|Win32
		{6874645F-C7AC-497E-86B2-6EE1CA897031}.Debug|x64.ActiveCfg = Debug|x64
		{6874645F-C7AC-497E-86B2-6EE1CA897031}.Debug|x64.Build.0 = Debug|x64
		{6874645F-C7AC-497E-86B2-6EE1CA897031}.Debug|x86.ActiveCfg = Debug|Win32
		{6874645F-C7AC-497E-86B2-6EE1CA897031}.Debug|x86.Build.0 = Debug|Win32
		{6874645F-C7AC-497E-86B2-6EE1CA897031}.DLL-Import Debug|x64.ActiveCfg = Debug|x64
		{6874645F-C7AC-497E-86B2-6EE1CA897031}.DLL-Import Debug|x64.Build.0 = Debug|x64
		{6874645F-C7AC-497E-86B2-6EE1CA897031}.DLL-Import Debug|x86.ActiveCfg = Debug|Win32
		{6874645F-C7AC-497E-86B2-6EE1CA897031}.DLL-Import Debug|x86.Build.0 = Debug|Win32
		{6874645F-C7AC-497E-86B2-6EE1CA897031}.DLL-Import Release|x64.ActiveCfg = Release|x64
		{6874645F-C7AC-497E-86B2-6EE1CA897031}.DLL-Import Release|x64.Build.0 = Release|x64
		{6874645F-C7AC-497E-86B2-6EE1CA897031}.DLL-Import Release|x86.ActiveCfg = Release|Win32
		{6874645F-C7AC-497E-86B2-6EE1CA897031}.DLL-Import Release|x86.Build.0 = Release|Win32
		{6874645F-C7AC-497E-86B2-6EE1CA897031}.Release|x64.ActiveCfg = Release|x64
		{6874645F-C7AC-497E-86B2-6EE1CA897031}.Release|x64.Build.0 = Release|x64
		{6874645F-C7AC-497E-86B2-6EE1CA897031}.Release|x86.ActiveCfg = Release|Win32
		{6874645F-C7AC-497E-86B2-6EE1CA897031}.Release|x86.Build.0 = Release|Win32
		{B18EB504-48CD-47EC-AB45-570E91A19993}.Debug|x64.ActiveCfg = Debug|x64
		{B18EB504-48CD-47EC-AB45-570E91A19993}.Debug|x64.Build.0 = Debug|x64
		{B18EB504-48CD-47EC-AB45-570E91A19993}.Debug|x86.ActiveCfg = Debug|Win32
		{B18EB504-48CD-47EC-AB45-570E91A19993}.Debug|x86.Build.0 = Debug|Win32
		{B18EB504-48CD-47EC-AB45-570E91A19993}.DLL-Import Debug|x64.ActiveCfg = Debug|x64
		{B18EB504-48CD-47EC-AB45-570E91A19993}.DLL-Import Debug|x64.Build.0 = Debug|x64
		{B18EB504-48CD-47EC-AB45-570E91A19993}.DLL-Import Debug|x86.ActiveCfg = Debug|Win32
		{B18EB504-48CD-47EC-AB45-570E91A19993}.DLL-Import Debug|x86.Build.0 = Debug|Win32
		{B18EB504-48CD-47EC-AB45-570E91A19993}.DLL-Import Release|x64.ActiveCfg = Release|x64
		{B18EB504-48CD-47EC-AB45-570E91A19993}.DLL-Import Release|x64.Build.0 = Release|x64
		{B18EB504-48CD-47EC-AB45-570E91A19993}.DLL-Import Release|x86.ActiveCfg = Release|Win32
		{B18EB504-48CD-47EC-AB45-570E91A19993}.DLL-Import Release|x86.Build.0 = Release|Win32
		{B18EB504-48CD-47EC-AB45-570E91A19993}.Release|x64.ActiveCfg = Release|x64
		{B18EB504-48CD-47EC-AB45-570E91A19993}.Release|x64.Build.0 = Release|x64
		{B18EB504-48CD-47EC-AB45-570E91A19993}.Release|x86.ActiveCfg = Release|Win32
		{B18EB504-48CD-47EC-AB45-570E91A19993}.Release|x86.Build.0 = Release|Win32
		{4D38600A-05DD-42C9-9EC5-ADB12140F2A9}.Debug|x64.ActiveCfg = Debug|x64
		{4D38600A-05DD-42C9-9EC5-ADB12140F2A9}.Debug|x64.Build.0 = Debug|x64
		{4D38600A-05DD-42C9-9EC5-ADB12140F2A9}.Debug|x86.ActiveCfg = Debug|Win32
		{4D38600A-05DD-42C9-9EC5-ADB12140F2A9}.Debug|x86.Build.0 = Debug|Win32
		{4D38600A-05DD-42C9-9EC5-ADB12140F2A9}.DLL-Import Debug|x64.ActiveCfg = Debug|x64
		{4D38600A-05DD-42C9-9EC5-ADB12140F2A9}.DLL-Import Debug|x64.Build.0 = Debug|x64
		{4D38600A-05DD-42C9-9EC5-ADB12140F2A9}.DLL-Import Debug|x86.ActiveCfg = Debug|Win32
		{4D38600A-05DD-42C9-9EC5-ADB12140F2A9}.DLL-Import Debug|x86.Build.0 = Debug|Win32
		{4D38600A-05DD-42C9-9EC5-ADB12140F2A9}.DLL-Import Release|x64.ActiveCfg = Release|x64
		{4D38600A-05DD-42C9-9EC5-ADB12140F2A9}.DLL-Import Release|x64.Build.0 = Release|x64
		{4D38600A-05DD-42C9-9EC5-ADB12140F2A9}.DLL-Import Release|x86.ActiveCfg = Release|Win32
		{4D38600A-05DD-42C9-9EC5-ADB12140F2A9}.DLL-Import Release|x86.Build.0 = Release|Win32
		{4D38600A-05DD-42C9-9EC5-ADB12140F2A9}.Release|x64.ActiveCfg = Release|x64
		{4D38600A-05DD-42C9-9EC5-ADB12140F2A9}.Release|x64.Build.0 = Release|x64
		{4D38600A-05DD-42C9-9EC5-ADB12140F2A9}.Release|x86.ActiveCfg = Release|Win32
		{4D38600A-05DD-42C9-9EC5-ADB12140F2A9}.Release|x86.Build.0 = Release|Win32
		{3423EC9A-52E4-4A4D-9753-EDEBC38785EF}.Debug|x64.ActiveCfg = Debug|x64
		{3423EC9A-52E4-4A4D-9753-EDEBC38785EF}.Debug|x86.ActiveCfg = Debug|Win32
		{3423EC9A-52E4-4A4D-9753-EDEBC38785EF}.DLL-Import Debug|x64.ActiveCfg = DLL-Import Debug|x64
		{3423EC9A-52E4-4A4D-9753-EDEBC38785EF}.DLL-Import Debug|x64.Build.0 = DLL-Import Debug|x64
		{3423EC9A-52E4-4A4D-9753-EDEBC38785EF}.DLL-Import Debug|x86.ActiveCfg = DLL-Import Debug|Win32
		{3423EC9A-52E4-4A4D-9753-EDEBC38785EF}.DLL-Import Debug|x86.Build.0 = DLL-Import Debug|Win32
		{3423EC9A-52E4-4A4D-9753-EDEBC38785EF}.DLL-Import Release|x64.ActiveCfg = DLL-Import Release|x64
		{3423EC9A-52E4-4A4D-9753-EDEBC38785EF}.DLL-Import Release|x64.Build.0 = DLL-Import Release|x64
		{3423EC9A-52E4-4A4D-9753-EDEBC38785EF}.DLL-Import Release|x86.ActiveCfg = DLL-Import Release|Win32
		{3423EC9A-52E4-4A4D-9753-EDEBC38785EF}.DLL-Import Release|x86.Build.0 = DLL-Import Release|Win32
		{3423EC9A-52E4-4A4D-9753-EDEBC38785EF}.Release|x64.ActiveCfg = Release|x64
		{3423EC9A-52E4-4A4D-9753-EDEBC38785EF}.Release|x86.ActiveCfg = Release|Win32
		{8FF3B0D6-92DB-4F7C-9357-4688918CCC77}.Debug|x64.ActiveCfg = Debug|x64
		{8FF3B0D6-92DB-4F7C-9357-4688918CCC77}.Debug|x64.Build.0 = Debug|x64
		{8FF3B0D6-92DB-4F7C-9357-4688918CCC77}.Debug|x86.ActiveCfg = Debug|Win32
		{8FF3B0D6-92DB-4F7C-9357-4688918CCC77}.Debug|x86.Build.0 = Debug|Win32
		{8FF3B0D6-92DB-4F7C-9357-4688918CCC77}.DLL-Import Debug|x64.ActiveCfg = Debug|x64
		{8FF3B0D6-92DB-4F7C-9357-4688918CCC77}.DLL-Import Debug|x64.Build.0 = Debug|x64
		{8FF3B0D6-92DB-4F7C-9357-4688918CCC77}.DLL-Import Debug|x86.ActiveCfg = Debug|Win32
		{8FF3B0D6-92DB-4F7C-9357-4688918CCC77}.DLL-Import Debug|x86.Build.0 = Debug|Win32
		{8FF3B0D6-92DB-4F7C-9357-4688918CCC77}.DLL-Import Release|x64.ActiveCfg = Release|x64
		{8FF3B0D6-92DB-4F7C-9357-4688918CCC77}.DLL-Import Release|x64.Build.0 = Release|x64
		{8FF3B0D6-92DB-4F7C-9357-4688918CCC77}.DLL-Import Release|x86.ActiveCfg = Release|Win32
		{8FF3B0D6-92DB-4F7C-9357-4688918CCC77}.DLL-Import Release|x86.Build.0 = Release|Win32
		{8FF3B0D6-92DB-4F7C-9357-4688918CCC77}.Release|x64.ActiveCfg = Release|x64
		{8FF3B0D6-92DB-4F7C-9357-4688918CCC77}.Release|x64.Build.0 = Release|x64
		{8FF3B0D6-92DB-4F7C-9357-4688918CCC77}.Release|x86.ActiveCfg = Release|Win32
		{8FF3B0D6-92DB-4F7C-9357-4688918CCC77}.Release|x86.Build.0 = Release|Win32
		{9064B770-B18F-495B-ADE2-B186FDA9B682}.Debug|x64.ActiveCfg = Debug|x64
		{9064B770-B18F-495B-ADE2-B186FDA9B682}.Debug|x64.Build.0 = Debug|x64
		{9064B770-B18F-495B-ADE2-B186FDA9B682}.Debug|x86.ActiveCfg = Debug|Win32
		{9064B770-B18F-495B-ADE2-B186FDA9B682}.Debug|x86.Build.0 = Debug|Win32
		{9064B770-B18F-495B-ADE2-B186FDA9B682}.DLL-Import Debug|x64.ActiveCfg = Debug|x64
		{9064B770-B18F-495B-ADE2-B186FDA9B682}.DLL-Import Debug|x64.Build.0 = Debug|x64
		{9064B770-B18F-495B-ADE2-B186FDA9B682}.DLL-Import Debug|x86.ActiveCfg = Debug|Win32
		{9064B770-B18F-495B-ADE2-B186FDA9B682}.DLL-Import Debug|x86.Build.0 = Debug|Win32
		{9064B770-B18F-495B-ADE2-B186FDA9B682}.DLL-Import Release|x64.ActiveCfg = Release|x64
		{9064B770-B18F-495B-ADE2-B186FDA9B682}.DLL-Import Release|x64.Build.0 = Release|x64
		{9064B770-B18F-495B-ADE2-B186FDA9B682}.DLL-Import Release|x86.ActiveCfg = Release|Win32
		{9064B770-B18F-495B-ADE2-B186FDA9B682}.DLL-Import Release|x86.Build.0 = Release|Win32
		{9064B770-B18F-495B-ADE2-B186FDA9B682}.Release|x64.ActiveCfg = Release|x64
		{9064B770-B18F-495B-ADE2-B186FDA9B682}.Release|x64.Build.0 = Release|x64
		{9064B770-B18F-495B-ADE2-B186FDA9B682}.Release|x86.ActiveCfg = Release|Win32
		{9064B770-B18F-495B-ADE2-B186FDA9B682}.Release|x86.Build.0 = Release|Win32
		{9C1B696C-B7F9-4B8A-BC74-FF5B96251341}.Debug|x64.ActiveCfg = Debug|x64
		{9C1B696C-B7F9-4B8A-BC74-FF5B96251341}.Debug|x64.Build.0 = Debug|x64
		{9C1B696C-B7F9-4B8A-BC74-FF5B96251341}.Debug|x86.ActiveCfg = Debug|Win32
		{9C1B696C-B7F9-4B8A-BC74-FF5B96251341}.Debug|x86.Build.0 = Debug|Win32
		{9C1B696C-B7F9-4B8A-BC74-FF5B96251341}.DLL-Import Debug|x64.ActiveCfg = Debug|x64
		{9C1B696C-B7F9-4B8A-BC74-FF5B96251341}.DLL-Import Debug|x64.Build.0 = Debug|x64
		{9C1B696C-B7F9-4B8A-BC74-FF5B96251341}.DLL-Import Debug|x86.ActiveCfg = Debug|Win32
		{9C1B696C-B7F9-4B8A-BC74-FF5B96251341}.DLL-Import Debug|x86.Build.0 = Debug|Win32
		{9C1B696C-B7F9-4B8A-BC74-FF5B96251341}.DLL-Import Release|x64.ActiveCfg = Release|x64
		{9C1B696C-B7F9-4B8A-BC74-FF5B96251341}.DLL-Import Release|x64.Build.0 = Release|x64
		{9C1B696C-B7F9-4B8A-BC74-FF5B96251341}.DLL-Import Release|x86.ActiveCfg = Release|Win32
		{9C1B696C-B7F9-4B8A-BC74-FF5B96251341}.DLL-Import Release|x86.Build.0 = Release|Win32
		{9C1B696C-B7F9-4B8A-BC74-FF5B96251341}.Release|x64.ActiveCfg = Release|x64
		{9C1B696C-B7F9-4B8A-BC74-FF5B96251341}.Release|x64.Build.0 = Release|x64
		{9C1B696C-B7F9-4B8A-BC74-FF5B96251341}.Release|x86.ActiveCfg = Release|Win32
		{9C1B696C-B7F9-4B8A-BC74-FF5B96251341}.Release|x86.Build.0 = Release|Win32
		{267786EF-0F78-41B1-8C5A-3FFE507FB9B3}.Debug|x64.ActiveCfg = Debug|x64
		{267786EF-0F78-41B1-8C5A-3FFE507FB9B3}.Debug|x64.Build.0 = Debug|x64
		{267786EF-0F78-41B1-8C5A-3FFE507FB9B3}.Debug|x86.ActiveCfg = Debug|Win32
		{267786EF-0F78-41B1-8C5A-3FFE507FB9B3}.Debug|x86.Build.0 = Debug|Win32
		{267786EF-0F78-41B1-8C5A-3FFE507FB9B3}.DLL-Import Debug|x64.ActiveCfg = Debug|x64
		{267786EF-0F78-41B1-8C5A-3FFE507FB9B3}.DLL-Import Debug|x64.Build.0 = Debug|x64
		{267786EF-0F78-41B1-8C5A-3FFE507FB9B3}.DLL-Import Debug|x86.ActiveCfg = Debug|Win32
		{267786EF-0F78-41B1-8C5A-3FFE507FB9B3}.DLL-Import Debug|x86.Build.0 = Debug|Win32
		{267786EF-0F78-41B1-8C5A-3FFE507FB9B3}.DLL-Import Release|x64.ActiveCfg = Release|x64
		{267786EF-0F78-41B1-8C5A-3FFE507FB9B3}.DLL-Import Release|x64.Build.0 = Release|x64
		{267786EF-0F78-41B1-8C5A-3FFE507FB9B3}.DLL-Import Release|x86.ActiveCfg = Release|Win32
		{267786EF-0F78-41B1-8C5A-3FFE507FB9B3}.DLL-Import Release|x86.Build.0 = Release|Win32
		{267786EF-0F78-41B1-8C5A-3FFE507FB9B3}.Release|x64.ActiveCfg = Release|x64
		{267786EF-0F78-41B1-8C5A-3FFE507FB9B3}.Release|x64.Build.0 = Release|x64
		{267786EF-0F78-41B1-8C5A-3FFE507FB9B3}.Release|x86.ActiveCfg = Release|Win32
		{267786EF-0F78-41B1-8C5A-3FFE507FB9B3}.Release|x86.Build.0 = Release|Win32
		{CD885A00-AB57-42D7-9D9F-F4E9E4CD844A}.Debug|x64.ActiveCfg = Debug|x64
		{CD885A00-AB57-42D7-9D9F-F4E9E4CD844A}.Debug|x64.Build.0 = Debug|x64
		{CD885A00-AB57-42D7-9D9F-F4E9E4CD844A}.Debug|x86.ActiveCfg = Debug|Win32
		{CD885A00-AB57-42D7-9D9F-F4E9E4CD844A}.Debug|x86.Build.0 = Debug|Win32
		{CD885A00-AB57-42D7-9D9F-F4E9E4CD844A}.DLL-Import Debug|x64.ActiveCfg = Debug|x64
		{CD885A00-AB57-42D7-9D9F-F4E9E4CD844A}.DLL-Import Debug|x64.Build.0 = Debug|x64
		{CD885A00-AB57-42D7-9D9F-F4E9E4CD844A}.DLL-Import Debug|x86.ActiveCfg = Debug|Win32
		{CD885A00-AB57-42D7-9D9F-F4E9E4CD844A}.DLL-Import Debug|x86.Build.0 = Debug|Win32
		{CD885A00-AB57-42D7-9D9F-F4E9E4CD844A}.DLL-Import Release|x64.ActiveCfg = Release|x64
		{CD885A00-AB57-42D7-9D9F-F4E9E4CD844A}.DLL-Import Release|x64.Build.0 = Release|x64
		{CD885A00-AB57-42D7-9D9F-F4E9E4CD844A}.DLL-Import Release|x86.ActiveCfg = Release|Win32
		{CD885A00-AB57-42D7-9D9F-F4E9E4CD844A}.DLL-Import Release|x86.Build.0 = Release|Win32
		{CD885A00-AB57-42D7-9D9F-F4E9E4CD844A}.Release|x64.ActiveCfg = Release|x64
		{CD885A00-AB57-42D7-9D9F-F4E9E4CD844A}.Release|x64.Build.0 = Release|x64
		{CD885A00-AB57-42D7-9D9F-F4E9E4CD844A}.Release|x86.ActiveCfg = Release|Win32
		{CD885A00-AB57-42D7-9D9F-F4E9E4CD844A}.Release|x86.Build.0 = Release|Win32
		{E8429258-1001-4768-9B81-5E26B1330E1E}.Debug|x64.ActiveCfg = Debug|x64
		{E8429258-1001-4768-9B81-5E26B1330E1E}.Debug|x64.Build.0 = Debug|x64
		{E8429258-1001-4768-9B81-5E26B1330E1E}.Debug|x86.ActiveCfg = Debug|Win32
		{E8429258-1001-4768-9B81-5E26B1330E1E}.Debug|x86.Build.0 = Debug|Win32
		{E8429258-1001-4768-9B81-5E26B1330E1E}.DLL-Import Debug|x64.ActiveCfg = Debug|x64
		{E8429258-1001-4768-9B81-5E26B1330E1E}.DLL-Import Debug|x64.Build.0 = Debug|x64
		{E8429258-1001-4768-9B81-5E26B1330E1E}.DLL-Import Debug|x86.ActiveCfg = Debug|Win32
		{E8429258-1001-4768-9B81-5E26B1330E1E}.DLL-Import Debug|x86.Build.0 = Debug|Win32
		{E8429258-1001-4768-9B81-5E26B1330E1E}.DLL-Import Release|x64.ActiveCfg = Release|x64
		{E8429258-1001-4768-9B81-5E26B1330E1E}.DLL-Import Release|x64.Build.0 = Release|x64
		{E8429258-1001-4768-9B81-5E26B1330E1E}.DLL-Import Release|x86.ActiveCfg = Release|Win32
		{E8429258-1001-4768-9B81-5E26B1330E1E}.DLL-Import Release|x86.Build.0 = Release|Win32
		{E8429258-1001-4768-9B81-5E26B1330E1E}.Release|x64.ActiveCfg = Release|x64
		{E8429258-1001-4768-9B81-5E26B1330E1E}.Release|x64.Build.0 = Release|x64
		{E8429258-1001-4768-9B81-5E26B1330E1E}.Release|x86.ActiveCfg = Release|Win32
		{E8429258-1001-4768-9B81-5E26B1330E1E}.Release|x86.Build.0 = Release|Win32
		{D40F97CA-EB86-4197-8FCD-52D1C33CD61C}.Debug|x64.ActiveCfg = Debug|x64
		{D40F97CA-EB86-4197-8FCD-52D1C33CD61C}.Debug|x64.Build.0 = Debug|x64
		{D40F97CA-EB86-4197-8FCD-52D1C33CD61C}.Debug|x86.ActiveCfg = Debug|Win32
		{D40F97CA-EB86-4197-8FCD-52D1C33CD61C}.Debug|x86.Build.0 = Debug|Win32
		{D40F97CA-EB86-4197-8FCD-52D1C33CD61C}.DLL-Import Debug|x64.ActiveCfg = Debug|x64
		{D40F97CA-EB86-4197-8FCD-52D1C33CD61C}.DLL-Import Debug|x64.Build.0 = Debug|x64
		{D40F97CA-EB86-4197-8FCD-52D1C33CD61C}.DLL-Import Debug|x86.ActiveCfg = Debug|Win32
		{D40F97CA-EB86-4197-8FCD-52D1C33CD61C}.DLL-Import Debug|x86.Build.0 = Debug|Win32
		{D40F97CA-EB86-4197-8FCD-52D1C33CD61C}.DLL-Import Release|x64.ActiveCfg = Release|x64
		{D40F97CA-EB86-4197-8FCD-52D1C33CD61C}.DLL-Import Release|x64.Build.0 = Release|x64
		{D40F97CA-EB86-4197-8FCD-52D1C33CD61C}.DLL-Import Release|x86.ActiveCfg = Release|Win32
		{D40F97CA-EB86-4197-8FCD-52D1C33CD61C}.DLL-Import Release|x86.Build.0 = Release|Win32
		{D40F97CA-EB86-4197-8FCD-52D1C33CD61C}.Release|x64.ActiveCfg = Release|x64
		{D40F97CA-EB86-4197-8FCD-52D1C33CD61C}.Release|x64.Build.0 = Release|x64
		{D40F97CA-EB86-4197-8FCD-52D1C33CD61C}.Release|x86.ActiveCfg = Release|Win32
		{D40F97CA-EB86-4197-8FCD-52D1C33CD61C}.Release|x86.Build.0 = Release|Win32
		{89961DA7-324D-4CFB-87D2-FBAA35FABE3F}.Debug|x64.ActiveCfg = Debug|x64
		{89961DA7-324D-4CFB-87D2-FBAA35FABE3F}.Debug|x64.Build.0 = Debug|x64
		{89961DA7-324D-4CFB-87D2-FBAA35FABE3F}.Debug|x86.ActiveCfg = Debug|Win32
		{89961DA7-324D-4CFB-87D2-FBAA35FABE3F}.Debug|x86.Build.0 = Debug|Win32
		{89961DA7-324D-4CFB-87D2-FBAA35FABE3F}.DLL-Import Debug|x64.ActiveCfg = Debug|x64
		{89961DA7-324D-4CFB-87D2-FBAA35FABE3F}.DLL-Import Debug|x64.Build.0 = Debug|x64
		{89961DA7-324D-4CFB-87D2-FBAA35FABE3F}.DLL-Import Debug|x86.ActiveCfg = Debug|Win32
		{89961DA7-324D-4CFB-87D2-FBAA35FABE3F}.DLL-Import Debug|x86.Build.0 = Debug|Win32
		{89961DA7-324D-4CFB-87D2-FBAA35FABE3F}.DLL-Import Release|x64.ActiveCfg = Release|x64
		{89961DA7-324D-4CFB-87D2-FBAA35FABE3F}.DLL-Import Release|x64.Build.0 = Release|x64
		{89961DA7-324D-4CFB-87D2-FBAA35FABE3F}.DLL-Import Release|x86.ActiveCfg = Release|Win32
		{89961DA7-324D-4CFB-87D2-FBAA35FABE3F}.DLL-Import Release|x86.Build.0 = Release|Win32
		{89961DA7-324D-4CFB-87D2-FBAA35FABE3F}.Release|x64.ActiveCfg = Release|x64
		{89961DA7-324D-4CFB-87D2-FBAA35FABE3F}.Release|x64.Build.0 = Release|x64
		{89961DA7-324D-4CFB-87D2-FBAA35FABE3F}.Release|x86.ActiveCfg = Release|Win32
		{89961DA7-324D-4CFB-87D2-FBAA35FABE3F}.Release|x86.Build.0 = Release|Win32
	EndGlobalSection
	GlobalSection(SolutionProperties) = preSolution
		HideSolutionNode = FALSE
	EndGlobalSection
EndGlobal
